
Microsoft Visual Studio Solution File, Format Version 12.00
# Visual Studio Version 17
VisualStudioVersion = 17.0.31903.59
MinimumVisualStudioVersion = 10.0.40219.1
Project("{FAE04EC0-301F-11D3-BF4B-00C04F79EFBC}") = "ProjectManagement.Api", "ProjectManagement.Api\ProjectManagement.Api.csproj", "{C88F1C0F-A0D5-4235-A376-99FF625D752E}"
EndProject
Project("{FAE04EC0-301F-11D3-BF4B-00C04F79EFBC}") = "ProjectManagement.Tests", "ProjectManagement.Tests\ProjectManagement.Tests.csproj", "{27F6C640-0EBE-43F3-BBC8-42EFB4B00A68}"
EndProject
Global
	GlobalSection(SolutionConfigurationPlatforms) = preSolution
		Debug|Any CPU = Debug|Any CPU
		Debug|x64 = Debug|x64
		Debug|x86 = Debug|x86
		Release|Any CPU = Release|Any CPU
		Release|x64 = Release|x64
		Release|x86 = Release|x86
	EndGlobalSection
	GlobalSection(ProjectConfigurationPlatforms) = postSolution
		{C88F1C0F-A0D5-4235-A376-99FF625D752E}.Debug|Any CPU.ActiveCfg = Debug|Any CPU
		{C88F1C0F-A0D5-4235-A376-99FF625D752E}.Debug|Any CPU.Build.0 = Debug|Any CPU
		{C88F1C0F-A0D5-4235-A376-99FF625D752E}.Debug|x64.ActiveCfg = Debug|Any CPU
		{C88F1C0F-A0D5-4235-A376-99FF625D752E}.Debug|x64.Build.0 = Debug|Any CPU
		{C88F1C0F-A0D5-4235-A376-99FF625D752E}.Debug|x86.ActiveCfg = Debug|Any CPU
		{C88F1C0F-A0D5-4235-A376-99FF625D752E}.Debug|x86.Build.0 = Debug|Any CPU
		{C88F1C0F-A0D5-4235-A376-99FF625D752E}.Release|Any CPU.ActiveCfg = Release|Any CPU
		{C88F1C0F-A0D5-4235-A376-99FF625D752E}.Release|Any CPU.Build.0 = Release|Any CPU
		{C88F1C0F-A0D5-4235-A376-99FF625D752E}.Release|x64.ActiveCfg = Release|Any CPU
		{C88F1C0F-A0D5-4235-A376-99FF625D752E}.Release|x64.Build.0 = Release|Any CPU
		{C88F1C0F-A0D5-4235-A376-99FF625D752E}.Release|x86.ActiveCfg = Release|Any CPU
		{C88F1C0F-A0D5-4235-A376-99FF625D752E}.Release|x86.Build.0 = Release|Any CPU
		{27F6C640-0EBE-43F3-BBC8-42EFB4B00A68}.Debug|Any CPU.ActiveCfg = Debug|Any CPU
		{27F6C640-0EBE-43F3-BBC8-42EFB4B00A68}.Debug|Any CPU.Build.0 = Debug|Any CPU
		{27F6C640-0EBE-43F3-BBC8-42EFB4B00A68}.Debug|x64.ActiveCfg = Debug|Any CPU
		{27F6C640-0EBE-43F3-BBC8-42EFB4B00A68}.Debug|x64.Build.0 = Debug|Any CPU
		{27F6C640-0EBE-43F3-BBC8-42EFB4B00A68}.Debug|x86.ActiveCfg = Debug|Any CPU
		{27F6C640-0EBE-43F3-BBC8-42EFB4B00A68}.Debug|x86.Build.0 = Debug|Any CPU
		{27F6C640-0EBE-43F3-BBC8-42EFB4B00A68}.Release|Any CPU.ActiveCfg = Release|Any CPU
		{27F6C640-0EBE-43F3-BBC8-42EFB4B00A68}.Release|Any CPU.Build.0 = Release|Any CPU
		{27F6C640-0EBE-43F3-BBC8-42EFB4B00A68}.Release|x64.ActiveCfg = Release|Any CPU
		{27F6C640-0EBE-43F3-BBC8-42EFB4B00A68}.Release|x64.Build.0 = Release|Any CPU
		{27F6C640-0EBE-43F3-BBC8-42EFB4B00A68}.Release|x86.ActiveCfg = Release|Any CPU
		{27F6C640-0EBE-43F3-BBC8-42EFB4B00A68}.Release|x86.Build.0 = Release|Any CPU
	EndGlobalSection
	GlobalSection(SolutionProperties) = preSolution
		HideSolutionNode = FALSE
	EndGlobalSection
EndGlobal
